# This file is automatically @generated by Cargo.
# It is not intended for manual editing.
version = 4

[[package]]
name = "slic3r_cli"
version = "0.1.0"
dependencies = [
 "slic3r_contracts",
]

[[package]]
name = "slic3r_contracts"
version = "0.1.0"

[[package]]
name = "slic3r_core"
version = "0.1.0"
